
Microsoft Visual Studio Solution File, Format Version 12.00
# Visual Studio Version 17
VisualStudioVersion = 17.3.32929.385
MinimumVisualStudioVersion = 10.0.40219.1
Project("{9A19103F-16F7-4668-BE54-9A1E7A4F7556}") = "SpatialRovers.API", "SpatialRovers.API\SpatialRovers.API.csproj", "{13729B35-1C2C-44C9-B9E1-5E41866C48B7}"
EndProject
Project("{9A19103F-16F7-4668-BE54-9A1E7A4F7556}") = "SpatialRovers.Core", "SpatialRovers.Core\SpatialRovers.Core.csproj", "{36CE7436-8AC0-428B-9694-D7E1B580996A}"
EndProject
Project("{9A19103F-16F7-4668-BE54-9A1E7A4F7556}") = "SpatialRovers.Tests", "SpatialRovers.Tests\SpatialRovers.Tests.csproj", "{3627A4B6-92E9-4245-9274-2619FBA8A6D5}"
EndProject
Project("{2150E333-8FDC-42A3-9474-1A3956D46DE8}") = "Solution Items", "Solution Items", "{A7C31049-96A0-4517-964A-FF4B82E66D47}"
	ProjectSection(SolutionItems) = preProject
		movements.csv = movements.csv
	EndProjectSection
EndProject
Global
	GlobalSection(SolutionConfigurationPlatforms) = preSolution
		Debug|Any CPU = Debug|Any CPU
		Release|Any CPU = Release|Any CPU
	EndGlobalSection
	GlobalSection(ProjectConfigurationPlatforms) = postSolution
		{13729B35-1C2C-44C9-B9E1-5E41866C48B7}.Debug|Any CPU.ActiveCfg = Debug|Any CPU
		{13729B35-1C2C-44C9-B9E1-5E41866C48B7}.Debug|Any CPU.Build.0 = Debug|Any CPU
		{13729B35-1C2C-44C9-B9E1-5E41866C48B7}.Release|Any CPU.ActiveCfg = Release|Any CPU
		{13729B35-1C2C-44C9-B9E1-5E41866C48B7}.Release|Any CPU.Build.0 = Release|Any CPU
		{36CE7436-8AC0-428B-9694-D7E1B580996A}.Debug|Any CPU.ActiveCfg = Debug|Any CPU
		{36CE7436-8AC0-428B-9694-D7E1B580996A}.Debug|Any CPU.Build.0 = Debug|Any CPU
		{36CE7436-8AC0-428B-9694-D7E1B580996A}.Release|Any CPU.ActiveCfg = Release|Any CPU
		{36CE7436-8AC0-428B-9694-D7E1B580996A}.Release|Any CPU.Build.0 = Release|Any CPU
		{3627A4B6-92E9-4245-9274-2619FBA8A6D5}.Debug|Any CPU.ActiveCfg = Debug|Any CPU
		{3627A4B6-92E9-4245-9274-2619FBA8A6D5}.Debug|Any CPU.Build.0 = Debug|Any CPU
		{3627A4B6-92E9-4245-9274-2619FBA8A6D5}.Release|Any CPU.ActiveCfg = Release|Any CPU
		{3627A4B6-92E9-4245-9274-2619FBA8A6D5}.Release|Any CPU.Build.0 = Release|Any CPU
	EndGlobalSection
	GlobalSection(SolutionProperties) = preSolution
		HideSolutionNode = FALSE
	EndGlobalSection
	GlobalSection(ExtensibilityGlobals) = postSolution
		SolutionGuid = {7BA3FFEC-697C-4046-B0C1-3904346D6B31}
	EndGlobalSection
EndGlobal
